{
  "requires": true,
  "lockfileVersion": 1,
  "dependencies": {
    "graphql": {
      "version": "15.5.3",
      "resolved": "https://registry.npmjs.org/graphql/-/graphql-15.5.3.tgz",
      "integrity": "sha512-sM+jXaO5KinTui6lbK/7b7H/Knj9BpjGxZ+Ki35v7YbUJxxdBCUqNM0h3CRVU1ZF9t5lNiBzvBCSYPvIwxPOQA=="
    }
  }
}
